
Microsoft Visual Studio Solution File, Format Version 11.00
# Visual Studio 2010
Project("{FAE04EC0-301F-11D3-BF4B-00C04F79EFBC}") = "ImovelCadastro", "ImovelCadastro\ImovelCadastro.csproj", "{5177A1AE-FAFF-4738-97FF-BB84A2B8D186}"
EndProject
Global
	GlobalSection(SolutionConfigurationPlatforms) = preSolution
		Debug|x86 = Debug|x86
		Release|x86 = Release|x86
	EndGlobalSection
	GlobalSection(ProjectConfigurationPlatforms) = postSolution
		{5177A1AE-FAFF-4738-97FF-BB84A2B8D186}.Debug|x86.ActiveCfg = Debug|x86
		{5177A1AE-FAFF-4738-97FF-BB84A2B8D186}.Debug|x86.Build.0 = Debug|x86
		{5177A1AE-FAFF-4738-97FF-BB84A2B8D186}.Release|x86.ActiveCfg = Release|x86
		{5177A1AE-FAFF-4738-97FF-BB84A2B8D186}.Release|x86.Build.0 = Release|x86
	EndGlobalSection
	GlobalSection(SolutionProperties) = preSolution
		HideSolutionNode = FALSE
	EndGlobalSection
EndGlobal
